PODS:
  - FlutterMacOS (1.0.0)
  - ord_dart (0.1.0):
    - FlutterMacOS

DEPENDENCIES:
  - FlutterMacOS (from `Flutter/ephemeral`)
  - ord_dart (from `Flutter/ephemeral/.symlinks/plugins/ord_dart/macos`)

EXTERNAL SOURCES:
  FlutterMacOS:
    :path: Flutter/ephemeral
  ord_dart:
    :path: Flutter/ephemeral/.symlinks/plugins/ord_dart/macos

SPEC CHECKSUMS:
  FlutterMacOS: 8f6f14fa908a6fb3fba0cd85dbd81ec4b251fb24
  ord_dart: 34fbc265ec3666268424cee957f2ae83109e4840

PODFILE CHECKSUM: 236401fc2c932af29a9fcf0e97baeeb2d750d367

COCOAPODS: 1.15.2
